{
  "name": "CarRent",
  "lockfileVersion": 3,
  "requires": true,
  "packages": {
    "vendor/symfony/ux-chartjs/assets": {
      "name": "@symfony/ux-chartjs",
      "version": "1.1.0",
      "extraneous": true,
      "license": "MIT",
      "devDependencies": {
        "@hotwired/stimulus": "^3.0.0",
        "chart.js": "^3.4.1 || ^4.0",
        "resize-observer-polyfill": "^1.5.1",
        "vitest-canvas-mock": "^0.3.3"
      },
      "peerDependencies": {
        "@hotwired/stimulus": "^3.0.0",
        "chart.js": "^3.4.1 || ^4.0"
      }
    },
    "vendor/symfony/ux-turbo/assets": {
      "name": "@symfony/ux-turbo",
      "version": "0.1.0",
      "extraneous": true,
      "license": "MIT",
      "devDependencies": {
        "@hotwired/stimulus": "^3.0.0",
        "@hotwired/turbo": "^7.1.0 || ^8.0"
      },
      "peerDependencies": {
        "@hotwired/stimulus": "^3.0.0",
        "@hotwired/turbo": "^7.1.1 || ^8.0"
      }
    }
  }
}
